
Microsoft Visual Studio Solution File, Format Version 12.00
# Visual Studio Version 17
VisualStudioVersion = 17.13.36105.23 d17.13
MinimumVisualStudioVersion = 10.0.40219.1
Project("{FAE04EC0-301F-11D3-BF4B-00C04F79EFBC}") = "Commandos", "Commandos\Commandos.csproj", "{1250C559-BD08-45AE-A3C1-5DDFFC4C3A26}"
EndProject
Global
	GlobalSection(SolutionConfigurationPlatforms) = preSolution
		Debug|Any CPU = Debug|Any CPU
		Release|Any CPU = Release|Any CPU
	EndGlobalSection
	GlobalSection(ProjectConfigurationPlatforms) = postSolution
		{1250C559-BD08-45AE-A3C1-5DDFFC4C3A26}.Debug|Any CPU.ActiveCfg = Debug|Any CPU
		{1250C559-BD08-45AE-A3C1-5DDFFC4C3A26}.Debug|Any CPU.Build.0 = Debug|Any CPU
		{1250C559-BD08-45AE-A3C1-5DDFFC4C3A26}.Release|Any CPU.ActiveCfg = Release|Any CPU
		{1250C559-BD08-45AE-A3C1-5DDFFC4C3A26}.Release|Any CPU.Build.0 = Release|Any CPU
	EndGlobalSection
	GlobalSection(SolutionProperties) = preSolution
		HideSolutionNode = FALSE
	EndGlobalSection
	GlobalSection(ExtensibilityGlobals) = postSolution
		SolutionGuid = {146C1D78-8CEE-4A02-81C5-5AC35CC2A413}
	EndGlobalSection
EndGlobal
